
Microsoft Visual Studio Solution File, Format Version 12.00
# Visual Studio Version 16
VisualStudioVersion = 16.0.29806.167
MinimumVisualStudioVersion = 10.0.40219.1
Project("{FAE04EC0-301F-11D3-BF4B-00C04F79EFBC}") = "CourseManagement2", "CourseManagement2\CourseManagement2.csproj", "{C92DC228-FEA5-471B-9E7D-BD3D7A81FDD4}"
EndProject
Project("{FAE04EC0-301F-11D3-BF4B-00C04F79EFBC}") = "DataLayer", "DataLayer\DataLayer.csproj", "{EFA87AA5-36F3-4AA3-A792-C56205A6E957}"
EndProject
Project("{FAE04EC0-301F-11D3-BF4B-00C04F79EFBC}") = "Utility", "Utility\Utility.csproj", "{06A6C9D0-FA8B-44DA-B235-1703D5864002}"
EndProject
Global
	GlobalSection(SolutionConfigurationPlatforms) = preSolution
		Debug|Any CPU = Debug|Any CPU
		Release|Any CPU = Release|Any CPU
	EndGlobalSection
	GlobalSection(ProjectConfigurationPlatforms) = postSolution
		{C92DC228-FEA5-471B-9E7D-BD3D7A81FDD4}.Debug|Any CPU.ActiveCfg = Debug|Any CPU
		{C92DC228-FEA5-471B-9E7D-BD3D7A81FDD4}.Debug|Any CPU.Build.0 = Debug|Any CPU
		{C92DC228-FEA5-471B-9E7D-BD3D7A81FDD4}.Release|Any CPU.ActiveCfg = Release|Any CPU
		{C92DC228-FEA5-471B-9E7D-BD3D7A81FDD4}.Release|Any CPU.Build.0 = Release|Any CPU
		{EFA87AA5-36F3-4AA3-A792-C56205A6E957}.Debug|Any CPU.ActiveCfg = Debug|Any CPU
		{EFA87AA5-36F3-4AA3-A792-C56205A6E957}.Debug|Any CPU.Build.0 = Debug|Any CPU
		{EFA87AA5-36F3-4AA3-A792-C56205A6E957}.Release|Any CPU.ActiveCfg = Release|Any CPU
		{EFA87AA5-36F3-4AA3-A792-C56205A6E957}.Release|Any CPU.Build.0 = Release|Any CPU
		{06A6C9D0-FA8B-44DA-B235-1703D5864002}.Debug|Any CPU.ActiveCfg = Debug|Any CPU
		{06A6C9D0-FA8B-44DA-B235-1703D5864002}.Debug|Any CPU.Build.0 = Debug|Any CPU
		{06A6C9D0-FA8B-44DA-B235-1703D5864002}.Release|Any CPU.ActiveCfg = Release|Any CPU
		{06A6C9D0-FA8B-44DA-B235-1703D5864002}.Release|Any CPU.Build.0 = Release|Any CPU
	EndGlobalSection
	GlobalSection(SolutionProperties) = preSolution
		HideSolutionNode = FALSE
	EndGlobalSection
	GlobalSection(ExtensibilityGlobals) = postSolution
		SolutionGuid = {6C958AAC-DF1A-4BBD-A7A0-00ED2B30C441}
	EndGlobalSection
EndGlobal
